
Microsoft Visual Studio Solution File, Format Version 12.00
# Visual Studio Version 16
VisualStudioVersion = 16.0.29905.134
MinimumVisualStudioVersion = 10.0.40219.1
Project("{9A19103F-16F7-4668-BE54-9A1E7A4F7556}") = "Burgler.BusinessLogic", "Burgler.BusinessLogic\Burgler.BusinessLogic.csproj", "{EA4B35C8-DFA4-48C7-A199-79A818240CCB}"
EndProject
Project("{9A19103F-16F7-4668-BE54-9A1E7A4F7556}") = "Burgler.UnitTests", "Burgler.UnitTests\Burgler.UnitTests.csproj", "{C924AEE0-DF4F-45FE-959B-05B6C4190978}"
EndProject
Project("{9A19103F-16F7-4668-BE54-9A1E7A4F7556}") = "Burgler.Entities", "Burgler.Entities\Burgler.Entities.csproj", "{69272867-4202-4FA8-A986-899390B207CA}"
EndProject
Project("{9A19103F-16F7-4668-BE54-9A1E7A4F7556}") = "BurglerContextLib", "BurglerContextLib\BurglerContextLib.csproj", "{CE7BBD24-CADC-4953-85F9-182A0309D54E}"
EndProject
Project("{9A19103F-16F7-4668-BE54-9A1E7A4F7556}") = "BurglerApp", "BurglerApp\BurglerApp.csproj", "{9347491C-3831-48BE-BA7D-33D41F72AA8F}"
EndProject
Global
	GlobalSection(SolutionConfigurationPlatforms) = preSolution
		Debug|Any CPU = Debug|Any CPU
		Release|Any CPU = Release|Any CPU
	EndGlobalSection
	GlobalSection(ProjectConfigurationPlatforms) = postSolution
		{EA4B35C8-DFA4-48C7-A199-79A818240CCB}.Debug|Any CPU.ActiveCfg = Debug|Any CPU
		{EA4B35C8-DFA4-48C7-A199-79A818240CCB}.Debug|Any CPU.Build.0 = Debug|Any CPU
		{EA4B35C8-DFA4-48C7-A199-79A818240CCB}.Release|Any CPU.ActiveCfg = Release|Any CPU
		{EA4B35C8-DFA4-48C7-A199-79A818240CCB}.Release|Any CPU.Build.0 = Release|Any CPU
		{C924AEE0-DF4F-45FE-959B-05B6C4190978}.Debug|Any CPU.ActiveCfg = Debug|Any CPU
		{C924AEE0-DF4F-45FE-959B-05B6C4190978}.Debug|Any CPU.Build.0 = Debug|Any CPU
		{C924AEE0-DF4F-45FE-959B-05B6C4190978}.Release|Any CPU.ActiveCfg = Release|Any CPU
		{C924AEE0-DF4F-45FE-959B-05B6C4190978}.Release|Any CPU.Build.0 = Release|Any CPU
		{69272867-4202-4FA8-A986-899390B207CA}.Debug|Any CPU.ActiveCfg = Debug|Any CPU
		{69272867-4202-4FA8-A986-899390B207CA}.Debug|Any CPU.Build.0 = Debug|Any CPU
		{69272867-4202-4FA8-A986-899390B207CA}.Release|Any CPU.ActiveCfg = Release|Any CPU
		{69272867-4202-4FA8-A986-899390B207CA}.Release|Any CPU.Build.0 = Release|Any CPU
		{CE7BBD24-CADC-4953-85F9-182A0309D54E}.Debug|Any CPU.ActiveCfg = Debug|Any CPU
		{CE7BBD24-CADC-4953-85F9-182A0309D54E}.Debug|Any CPU.Build.0 = Debug|Any CPU
		{CE7BBD24-CADC-4953-85F9-182A0309D54E}.Release|Any CPU.ActiveCfg = Release|Any CPU
		{CE7BBD24-CADC-4953-85F9-182A0309D54E}.Release|Any CPU.Build.0 = Release|Any CPU
		{9347491C-3831-48BE-BA7D-33D41F72AA8F}.Debug|Any CPU.ActiveCfg = Debug|Any CPU
		{9347491C-3831-48BE-BA7D-33D41F72AA8F}.Debug|Any CPU.Build.0 = Debug|Any CPU
		{9347491C-3831-48BE-BA7D-33D41F72AA8F}.Release|Any CPU.ActiveCfg = Release|Any CPU
		{9347491C-3831-48BE-BA7D-33D41F72AA8F}.Release|Any CPU.Build.0 = Release|Any CPU
	EndGlobalSection
	GlobalSection(SolutionProperties) = preSolution
		HideSolutionNode = FALSE
	EndGlobalSection
	GlobalSection(ExtensibilityGlobals) = postSolution
		SolutionGuid = {373CF1AD-C0D2-408A-BF40-690B74F8F457}
	EndGlobalSection
EndGlobal
