
Microsoft Visual Studio Solution File, Format Version 12.00
# Visual Studio Version 16
VisualStudioVersion = 16.0.29905.134
MinimumVisualStudioVersion = 10.0.40219.1
Project("{9A19103F-16F7-4668-BE54-9A1E7A4F7556}") = "BurglerApp", "BurglerApp\BurglerApp.csproj", "{18CB3C86-C00C-44FF-A1A5-A7AF51D8AFF5}"
EndProject
Project("{9A19103F-16F7-4668-BE54-9A1E7A4F7556}") = "BurglerContextLib", "BurglerContextLib\BurglerContextLib.csproj", "{696DA5A8-D75D-4052-8589-ABEBAE02519F}"
EndProject
Project("{9A19103F-16F7-4668-BE54-9A1E7A4F7556}") = "Burgler.Entities", "Burgler.Entities\Burgler.Entities.csproj", "{A7475DF1-D20E-45BD-B145-68912EDDF2E0}"
EndProject
Project("{9A19103F-16F7-4668-BE54-9A1E7A4F7556}") = "Burgler.BusinessLogic", "Burgler.BusinessLogic\Burgler.BusinessLogic.csproj", "{8401EBC4-CDBD-45A9-9A04-6480D7868CF6}"
EndProject
Global
	GlobalSection(SolutionConfigurationPlatforms) = preSolution
		Debug|Any CPU = Debug|Any CPU
		Release|Any CPU = Release|Any CPU
	EndGlobalSection
	GlobalSection(ProjectConfigurationPlatforms) = postSolution
		{18CB3C86-C00C-44FF-A1A5-A7AF51D8AFF5}.Debug|Any CPU.ActiveCfg = Debug|Any CPU
		{18CB3C86-C00C-44FF-A1A5-A7AF51D8AFF5}.Debug|Any CPU.Build.0 = Debug|Any CPU
		{18CB3C86-C00C-44FF-A1A5-A7AF51D8AFF5}.Release|Any CPU.ActiveCfg = Release|Any CPU
		{18CB3C86-C00C-44FF-A1A5-A7AF51D8AFF5}.Release|Any CPU.Build.0 = Release|Any CPU
		{696DA5A8-D75D-4052-8589-ABEBAE02519F}.Debug|Any CPU.ActiveCfg = Debug|Any CPU
		{696DA5A8-D75D-4052-8589-ABEBAE02519F}.Debug|Any CPU.Build.0 = Debug|Any CPU
		{696DA5A8-D75D-4052-8589-ABEBAE02519F}.Release|Any CPU.ActiveCfg = Release|Any CPU
		{696DA5A8-D75D-4052-8589-ABEBAE02519F}.Release|Any CPU.Build.0 = Release|Any CPU
		{A7475DF1-D20E-45BD-B145-68912EDDF2E0}.Debug|Any CPU.ActiveCfg = Debug|Any CPU
		{A7475DF1-D20E-45BD-B145-68912EDDF2E0}.Debug|Any CPU.Build.0 = Debug|Any CPU
		{A7475DF1-D20E-45BD-B145-68912EDDF2E0}.Release|Any CPU.ActiveCfg = Release|Any CPU
		{A7475DF1-D20E-45BD-B145-68912EDDF2E0}.Release|Any CPU.Build.0 = Release|Any CPU
		{8401EBC4-CDBD-45A9-9A04-6480D7868CF6}.Debug|Any CPU.ActiveCfg = Debug|Any CPU
		{8401EBC4-CDBD-45A9-9A04-6480D7868CF6}.Debug|Any CPU.Build.0 = Debug|Any CPU
		{8401EBC4-CDBD-45A9-9A04-6480D7868CF6}.Release|Any CPU.ActiveCfg = Release|Any CPU
		{8401EBC4-CDBD-45A9-9A04-6480D7868CF6}.Release|Any CPU.Build.0 = Release|Any CPU
	EndGlobalSection
	GlobalSection(SolutionProperties) = preSolution
		HideSolutionNode = FALSE
	EndGlobalSection
	GlobalSection(ExtensibilityGlobals) = postSolution
		SolutionGuid = {373CF1AD-C0D2-408A-BF40-690B74F8F457}
	EndGlobalSection
EndGlobal
