
Microsoft Visual Studio Solution File, Format Version 12.00
# Visual Studio Version 16
VisualStudioVersion = 16.0.30413.136
MinimumVisualStudioVersion = 10.0.40219.1
Project("{9A19103F-16F7-4668-BE54-9A1E7A4F7556}") = "FunFacts.Dtos", "FunFacts.Dtos\FunFacts.Dtos.csproj", "{62B28EE8-26C2-4FC7-B72C-806D5E47DC5E}"
EndProject
Project("{9A19103F-16F7-4668-BE54-9A1E7A4F7556}") = "FunFacts.Entities", "FunFacts.Entities\FunFacts.Entities.csproj", "{802110AA-D3D6-4FB6-A241-325BC7142271}"
EndProject
Project("{9A19103F-16F7-4668-BE54-9A1E7A4F7556}") = "FunFacts.Tests", "FunFacts.Tests\FunFacts.Tests.csproj", "{F73EC277-FD19-4A39-B599-E8DD01ABBDAB}"
EndProject
Project("{9A19103F-16F7-4668-BE54-9A1E7A4F7556}") = "FunFacts.Infrastructure", "FunFacts.Infrastructure\FunFacts.Infrastructure.csproj", "{622439D4-CAC7-456A-A238-9D5B00B5CB02}"
EndProject
Project("{9A19103F-16F7-4668-BE54-9A1E7A4F7556}") = "FunFacts.Context", "FunFacts.Context\FunFacts.Context.csproj", "{6DB58366-A2BA-4832-B9F8-72F38980DF3A}"
EndProject
Project("{9A19103F-16F7-4668-BE54-9A1E7A4F7556}") = "FunFacts.FunFactServices", "FunFacts.FunFactServices\FunFacts.FunFactServices.csproj", "{7F86659F-E4FB-4BC1-8429-62B1AA7A5120}"
EndProject
Project("{9A19103F-16F7-4668-BE54-9A1E7A4F7556}") = "FunFacts.Web", "FunFacts.Web\FunFacts.Web.csproj", "{BDECB6B4-1D50-4771-8D19-154070E1CA90}"
EndProject
Global
	GlobalSection(SolutionConfigurationPlatforms) = preSolution
		Debug|Any CPU = Debug|Any CPU
		Release|Any CPU = Release|Any CPU
	EndGlobalSection
	GlobalSection(ProjectConfigurationPlatforms) = postSolution
		{62B28EE8-26C2-4FC7-B72C-806D5E47DC5E}.Debug|Any CPU.ActiveCfg = Debug|Any CPU
		{62B28EE8-26C2-4FC7-B72C-806D5E47DC5E}.Debug|Any CPU.Build.0 = Debug|Any CPU
		{62B28EE8-26C2-4FC7-B72C-806D5E47DC5E}.Release|Any CPU.ActiveCfg = Release|Any CPU
		{62B28EE8-26C2-4FC7-B72C-806D5E47DC5E}.Release|Any CPU.Build.0 = Release|Any CPU
		{802110AA-D3D6-4FB6-A241-325BC7142271}.Debug|Any CPU.ActiveCfg = Debug|Any CPU
		{802110AA-D3D6-4FB6-A241-325BC7142271}.Debug|Any CPU.Build.0 = Debug|Any CPU
		{802110AA-D3D6-4FB6-A241-325BC7142271}.Release|Any CPU.ActiveCfg = Release|Any CPU
		{802110AA-D3D6-4FB6-A241-325BC7142271}.Release|Any CPU.Build.0 = Release|Any CPU
		{F73EC277-FD19-4A39-B599-E8DD01ABBDAB}.Debug|Any CPU.ActiveCfg = Debug|Any CPU
		{F73EC277-FD19-4A39-B599-E8DD01ABBDAB}.Debug|Any CPU.Build.0 = Debug|Any CPU
		{F73EC277-FD19-4A39-B599-E8DD01ABBDAB}.Release|Any CPU.ActiveCfg = Release|Any CPU
		{F73EC277-FD19-4A39-B599-E8DD01ABBDAB}.Release|Any CPU.Build.0 = Release|Any CPU
		{622439D4-CAC7-456A-A238-9D5B00B5CB02}.Debug|Any CPU.ActiveCfg = Debug|Any CPU
		{622439D4-CAC7-456A-A238-9D5B00B5CB02}.Debug|Any CPU.Build.0 = Debug|Any CPU
		{622439D4-CAC7-456A-A238-9D5B00B5CB02}.Release|Any CPU.ActiveCfg = Release|Any CPU
		{622439D4-CAC7-456A-A238-9D5B00B5CB02}.Release|Any CPU.Build.0 = Release|Any CPU
		{6DB58366-A2BA-4832-B9F8-72F38980DF3A}.Debug|Any CPU.ActiveCfg = Debug|Any CPU
		{6DB58366-A2BA-4832-B9F8-72F38980DF3A}.Debug|Any CPU.Build.0 = Debug|Any CPU
		{6DB58366-A2BA-4832-B9F8-72F38980DF3A}.Release|Any CPU.ActiveCfg = Release|Any CPU
		{6DB58366-A2BA-4832-B9F8-72F38980DF3A}.Release|Any CPU.Build.0 = Release|Any CPU
		{7F86659F-E4FB-4BC1-8429-62B1AA7A5120}.Debug|Any CPU.ActiveCfg = Debug|Any CPU
		{7F86659F-E4FB-4BC1-8429-62B1AA7A5120}.Debug|Any CPU.Build.0 = Debug|Any CPU
		{7F86659F-E4FB-4BC1-8429-62B1AA7A5120}.Release|Any CPU.ActiveCfg = Release|Any CPU
		{7F86659F-E4FB-4BC1-8429-62B1AA7A5120}.Release|Any CPU.Build.0 = Release|Any CPU
		{BDECB6B4-1D50-4771-8D19-154070E1CA90}.Debug|Any CPU.ActiveCfg = Debug|Any CPU
		{BDECB6B4-1D50-4771-8D19-154070E1CA90}.Debug|Any CPU.Build.0 = Debug|Any CPU
		{BDECB6B4-1D50-4771-8D19-154070E1CA90}.Release|Any CPU.ActiveCfg = Release|Any CPU
		{BDECB6B4-1D50-4771-8D19-154070E1CA90}.Release|Any CPU.Build.0 = Release|Any CPU
	EndGlobalSection
	GlobalSection(SolutionProperties) = preSolution
		HideSolutionNode = FALSE
	EndGlobalSection
	GlobalSection(ExtensibilityGlobals) = postSolution
		SolutionGuid = {78555862-0D9F-4EA0-BDC3-4E5AC0116287}
	EndGlobalSection
EndGlobal
