
Microsoft Visual Studio Solution File, Format Version 12.00
# Visual Studio 15
VisualStudioVersion = 15.0.26124.0
MinimumVisualStudioVersion = 15.0.26124.0
Project("{FAE04EC0-301F-11D3-BF4B-00C04F79EFBC}") = "Api", "Api\Api.csproj", "{ABB0298B-8FF5-4C17-8115-07B01BE8335B}"
EndProject
Project("{FAE04EC0-301F-11D3-BF4B-00C04F79EFBC}") = "Application", "Application\Application.csproj", "{57B82B91-D630-4DA5-B253-BFC42C150830}"
EndProject
Project("{FAE04EC0-301F-11D3-BF4B-00C04F79EFBC}") = "Domain", "Domain\Domain.csproj", "{377BC0E7-C607-47E0-BBE7-9272A257CABE}"
EndProject
Project("{FAE04EC0-301F-11D3-BF4B-00C04F79EFBC}") = "Persistence", "Persistence\Persistence.csproj", "{D152E346-4E01-4553-844B-D7E7A8AA52FD}"
EndProject
Global
	GlobalSection(SolutionConfigurationPlatforms) = preSolution
		Debug|Any CPU = Debug|Any CPU
		Debug|x64 = Debug|x64
		Debug|x86 = Debug|x86
		Release|Any CPU = Release|Any CPU
		Release|x64 = Release|x64
		Release|x86 = Release|x86
	EndGlobalSection
	GlobalSection(SolutionProperties) = preSolution
		HideSolutionNode = FALSE
	EndGlobalSection
	GlobalSection(ProjectConfigurationPlatforms) = postSolution
		{ABB0298B-8FF5-4C17-8115-07B01BE8335B}.Debug|Any CPU.ActiveCfg = Debug|Any CPU
		{ABB0298B-8FF5-4C17-8115-07B01BE8335B}.Debug|Any CPU.Build.0 = Debug|Any CPU
		{ABB0298B-8FF5-4C17-8115-07B01BE8335B}.Debug|x64.ActiveCfg = Debug|Any CPU
		{ABB0298B-8FF5-4C17-8115-07B01BE8335B}.Debug|x64.Build.0 = Debug|Any CPU
		{ABB0298B-8FF5-4C17-8115-07B01BE8335B}.Debug|x86.ActiveCfg = Debug|Any CPU
		{ABB0298B-8FF5-4C17-8115-07B01BE8335B}.Debug|x86.Build.0 = Debug|Any CPU
		{ABB0298B-8FF5-4C17-8115-07B01BE8335B}.Release|Any CPU.ActiveCfg = Release|Any CPU
		{ABB0298B-8FF5-4C17-8115-07B01BE8335B}.Release|Any CPU.Build.0 = Release|Any CPU
		{ABB0298B-8FF5-4C17-8115-07B01BE8335B}.Release|x64.ActiveCfg = Release|Any CPU
		{ABB0298B-8FF5-4C17-8115-07B01BE8335B}.Release|x64.Build.0 = Release|Any CPU
		{ABB0298B-8FF5-4C17-8115-07B01BE8335B}.Release|x86.ActiveCfg = Release|Any CPU
		{ABB0298B-8FF5-4C17-8115-07B01BE8335B}.Release|x86.Build.0 = Release|Any CPU
		{57B82B91-D630-4DA5-B253-BFC42C150830}.Debug|Any CPU.ActiveCfg = Debug|Any CPU
		{57B82B91-D630-4DA5-B253-BFC42C150830}.Debug|Any CPU.Build.0 = Debug|Any CPU
		{57B82B91-D630-4DA5-B253-BFC42C150830}.Debug|x64.ActiveCfg = Debug|Any CPU
		{57B82B91-D630-4DA5-B253-BFC42C150830}.Debug|x64.Build.0 = Debug|Any CPU
		{57B82B91-D630-4DA5-B253-BFC42C150830}.Debug|x86.ActiveCfg = Debug|Any CPU
		{57B82B91-D630-4DA5-B253-BFC42C150830}.Debug|x86.Build.0 = Debug|Any CPU
		{57B82B91-D630-4DA5-B253-BFC42C150830}.Release|Any CPU.ActiveCfg = Release|Any CPU
		{57B82B91-D630-4DA5-B253-BFC42C150830}.Release|Any CPU.Build.0 = Release|Any CPU
		{57B82B91-D630-4DA5-B253-BFC42C150830}.Release|x64.ActiveCfg = Release|Any CPU
		{57B82B91-D630-4DA5-B253-BFC42C150830}.Release|x64.Build.0 = Release|Any CPU
		{57B82B91-D630-4DA5-B253-BFC42C150830}.Release|x86.ActiveCfg = Release|Any CPU
		{57B82B91-D630-4DA5-B253-BFC42C150830}.Release|x86.Build.0 = Release|Any CPU
		{377BC0E7-C607-47E0-BBE7-9272A257CABE}.Debug|Any CPU.ActiveCfg = Debug|Any CPU
		{377BC0E7-C607-47E0-BBE7-9272A257CABE}.Debug|Any CPU.Build.0 = Debug|Any CPU
		{377BC0E7-C607-47E0-BBE7-9272A257CABE}.Debug|x64.ActiveCfg = Debug|Any CPU
		{377BC0E7-C607-47E0-BBE7-9272A257CABE}.Debug|x64.Build.0 = Debug|Any CPU
		{377BC0E7-C607-47E0-BBE7-9272A257CABE}.Debug|x86.ActiveCfg = Debug|Any CPU
		{377BC0E7-C607-47E0-BBE7-9272A257CABE}.Debug|x86.Build.0 = Debug|Any CPU
		{377BC0E7-C607-47E0-BBE7-9272A257CABE}.Release|Any CPU.ActiveCfg = Release|Any CPU
		{377BC0E7-C607-47E0-BBE7-9272A257CABE}.Release|Any CPU.Build.0 = Release|Any CPU
		{377BC0E7-C607-47E0-BBE7-9272A257CABE}.Release|x64.ActiveCfg = Release|Any CPU
		{377BC0E7-C607-47E0-BBE7-9272A257CABE}.Release|x64.Build.0 = Release|Any CPU
		{377BC0E7-C607-47E0-BBE7-9272A257CABE}.Release|x86.ActiveCfg = Release|Any CPU
		{377BC0E7-C607-47E0-BBE7-9272A257CABE}.Release|x86.Build.0 = Release|Any CPU
		{D152E346-4E01-4553-844B-D7E7A8AA52FD}.Debug|Any CPU.ActiveCfg = Debug|Any CPU
		{D152E346-4E01-4553-844B-D7E7A8AA52FD}.Debug|Any CPU.Build.0 = Debug|Any CPU
		{D152E346-4E01-4553-844B-D7E7A8AA52FD}.Debug|x64.ActiveCfg = Debug|Any CPU
		{D152E346-4E01-4553-844B-D7E7A8AA52FD}.Debug|x64.Build.0 = Debug|Any CPU
		{D152E346-4E01-4553-844B-D7E7A8AA52FD}.Debug|x86.ActiveCfg = Debug|Any CPU
		{D152E346-4E01-4553-844B-D7E7A8AA52FD}.Debug|x86.Build.0 = Debug|Any CPU
		{D152E346-4E01-4553-844B-D7E7A8AA52FD}.Release|Any CPU.ActiveCfg = Release|Any CPU
		{D152E346-4E01-4553-844B-D7E7A8AA52FD}.Release|Any CPU.Build.0 = Release|Any CPU
		{D152E346-4E01-4553-844B-D7E7A8AA52FD}.Release|x64.ActiveCfg = Release|Any CPU
		{D152E346-4E01-4553-844B-D7E7A8AA52FD}.Release|x64.Build.0 = Release|Any CPU
		{D152E346-4E01-4553-844B-D7E7A8AA52FD}.Release|x86.ActiveCfg = Release|Any CPU
		{D152E346-4E01-4553-844B-D7E7A8AA52FD}.Release|x86.Build.0 = Release|Any CPU
	EndGlobalSection
EndGlobal
