
Microsoft Visual Studio Solution File, Format Version 12.00
# Visual Studio Version 16
VisualStudioVersion = 16.0.29709.97
MinimumVisualStudioVersion = 10.0.40219.1
Project("{9A19103F-16F7-4668-BE54-9A1E7A4F7556}") = "Arrays", "Basics\Arrays.csproj", "{5D66D00D-0A69-41A0-9F02-959DD74B69A6}"
EndProject
Project("{9A19103F-16F7-4668-BE54-9A1E7A4F7556}") = "NullHandling", "NullHandling\NullHandling.csproj", "{B412BEE8-A27B-4CDE-9659-9738B8B159DF}"
EndProject
Project("{9A19103F-16F7-4668-BE54-9A1E7A4F7556}") = "Formatting", "Formatting\Formatting.csproj", "{9403CE17-8E3F-42D6-8714-18020F7B70F5}"
EndProject
Project("{9A19103F-16F7-4668-BE54-9A1E7A4F7556}") = "Arguments", "Arguments\Arguments.csproj", "{F245217F-0280-4031-82B7-03FD1192EEEE}"
EndProject
Project("{9A19103F-16F7-4668-BE54-9A1E7A4F7556}") = "Operators", "Operators\Operators.csproj", "{E71FECFD-1409-4F75-8455-9FB82D0BD060}"
EndProject
Project("{9A19103F-16F7-4668-BE54-9A1E7A4F7556}") = "SwitchStatements", "SwitchStatements\SwitchStatements.csproj", "{58C59C41-5E9D-41EB-A13A-80874F7FDE83}"
EndProject
Project("{9A19103F-16F7-4668-BE54-9A1E7A4F7556}") = "IterationStatements", "IterationStatements\IterationStatements.csproj", "{36CE7A7D-C76F-461A-95B8-133D4A2E49DA}"
EndProject
Project("{9A19103F-16F7-4668-BE54-9A1E7A4F7556}") = "CastingConverting", "CastingConverting\CastingConverting.csproj", "{DB884A59-FCC1-46F4-8447-48B5C174C975}"
EndProject
Project("{9A19103F-16F7-4668-BE54-9A1E7A4F7556}") = "HandlingExceptions", "HandlingExceptions\HandlingExceptions.csproj", "{A72542A6-664C-4E68-A374-7B3434BE6EFD}"
EndProject
Project("{9A19103F-16F7-4668-BE54-9A1E7A4F7556}") = "FizzBuzz", "FizzBuzz\FizzBuzz.csproj", "{1E3ACFB6-8581-4A19-BE4D-2A6E1EDA9C2E}"
EndProject
Project("{9A19103F-16F7-4668-BE54-9A1E7A4F7556}") = "DivisionQuestion", "DivisionQuestion\DivisionQuestion.csproj", "{508A5B32-CF10-4222-A7D5-761A2A353DF0}"
EndProject
Project("{9A19103F-16F7-4668-BE54-9A1E7A4F7556}") = "WritingFunctions", "WritingFunctions\WritingFunctions.csproj", "{F9528646-7A71-4B93-AB26-DFFCDEA4A41D}"
EndProject
Project("{9A19103F-16F7-4668-BE54-9A1E7A4F7556}") = "Debugging", "Debugging\Debugging.csproj", "{5BFD1C6B-8460-4E49-9BE9-2437DF29947D}"
EndProject
Project("{9A19103F-16F7-4668-BE54-9A1E7A4F7556}") = "Logging", "Logging\Logging.csproj", "{5FD4611E-12FA-4D89-BFEE-2C7A2237529E}"
EndProject
Project("{9A19103F-16F7-4668-BE54-9A1E7A4F7556}") = "CalculatorLibUnitTests", "CalculatorLibUnitTests.csproj\CalculatorLibUnitTests.csproj", "{425040B6-EE2D-4399-B80B-F887F420CFB7}"
EndProject
Project("{9A19103F-16F7-4668-BE54-9A1E7A4F7556}") = "CalculatorLib", "CalculatorLib\CalculatorLib.csproj", "{BE1C60CF-8214-421B-81AC-4A86A1C90C83}"
EndProject
Project("{9A19103F-16F7-4668-BE54-9A1E7A4F7556}") = "PrimeCalculatorLib", "PrimeCalculatorLib\PrimeCalculatorLib.csproj", "{20C4AAA4-2B67-460A-AB42-3C5C567DEA25}"
EndProject
Project("{9A19103F-16F7-4668-BE54-9A1E7A4F7556}") = "PrimeCalculatorLibUnitTests", "PrimeCalculatorLibUnitTests\PrimeCalculatorLibUnitTests.csproj", "{3423393A-6BFF-4F8A-B374-29A034052ED2}"
EndProject
Project("{2150E333-8FDC-42A3-9474-1A3956D46DE8}") = "Basics", "Basics", "{D8389DB9-B4F8-4B4A-9F77-4C939CF07088}"
EndProject
Project("{2150E333-8FDC-42A3-9474-1A3956D46DE8}") = "Exercises", "Exercises", "{8E1906B3-56FA-45DC-9EEA-C588676A6DBD}"
EndProject
Project("{2150E333-8FDC-42A3-9474-1A3956D46DE8}") = "Debugging, Logging, Exception Handling", "Debugging, Logging, Exception Handling", "{B15592FD-0075-42AF-B03A-CF9BDD126A81}"
EndProject
Project("{2150E333-8FDC-42A3-9474-1A3956D46DE8}") = "Types, Interfaces, and Inheritance", "Types, Interfaces, and Inheritance", "{515FF3DA-E9E3-4F17-8D7D-BDBF24370838}"
EndProject
Project("{FAE04EC0-301F-11D3-BF4B-00C04F79EFBC}") = "Shared", "PersonLib\Shared.csproj", "{91BDF693-24A1-43A6-B94E-EE2EB22472D7}"
EndProject
Project("{FAE04EC0-301F-11D3-BF4B-00C04F79EFBC}") = "PeopleApp", "PeopleApp\PeopleApp.csproj", "{748CB00A-DE03-406F-8053-359D7ECF09FE}"
EndProject
Project("{FAE04EC0-301F-11D3-BF4B-00C04F79EFBC}") = "BankAccountsApp", "BankAccountsApp\BankAccountsApp.csproj", "{053EE083-0CDF-4735-80C5-7A4AE1AB18E6}"
EndProject
Project("{FAE04EC0-301F-11D3-BF4B-00C04F79EFBC}") = "MathsApp", "FactorialApp\MathsApp.csproj", "{E696066E-B88F-4D5C-A15A-8804F1BEFD13}"
EndProject
Global
	GlobalSection(SolutionConfigurationPlatforms) = preSolution
		Debug|Any CPU = Debug|Any CPU
		Release|Any CPU = Release|Any CPU
	EndGlobalSection
	GlobalSection(ProjectConfigurationPlatforms) = postSolution
		{5D66D00D-0A69-41A0-9F02-959DD74B69A6}.Debug|Any CPU.ActiveCfg = Debug|Any CPU
		{5D66D00D-0A69-41A0-9F02-959DD74B69A6}.Debug|Any CPU.Build.0 = Debug|Any CPU
		{5D66D00D-0A69-41A0-9F02-959DD74B69A6}.Release|Any CPU.ActiveCfg = Release|Any CPU
		{5D66D00D-0A69-41A0-9F02-959DD74B69A6}.Release|Any CPU.Build.0 = Release|Any CPU
		{B412BEE8-A27B-4CDE-9659-9738B8B159DF}.Debug|Any CPU.ActiveCfg = Debug|Any CPU
		{B412BEE8-A27B-4CDE-9659-9738B8B159DF}.Debug|Any CPU.Build.0 = Debug|Any CPU
		{B412BEE8-A27B-4CDE-9659-9738B8B159DF}.Release|Any CPU.ActiveCfg = Release|Any CPU
		{B412BEE8-A27B-4CDE-9659-9738B8B159DF}.Release|Any CPU.Build.0 = Release|Any CPU
		{9403CE17-8E3F-42D6-8714-18020F7B70F5}.Debug|Any CPU.ActiveCfg = Debug|Any CPU
		{9403CE17-8E3F-42D6-8714-18020F7B70F5}.Debug|Any CPU.Build.0 = Debug|Any CPU
		{9403CE17-8E3F-42D6-8714-18020F7B70F5}.Release|Any CPU.ActiveCfg = Release|Any CPU
		{9403CE17-8E3F-42D6-8714-18020F7B70F5}.Release|Any CPU.Build.0 = Release|Any CPU
		{F245217F-0280-4031-82B7-03FD1192EEEE}.Debug|Any CPU.ActiveCfg = Debug|Any CPU
		{F245217F-0280-4031-82B7-03FD1192EEEE}.Debug|Any CPU.Build.0 = Debug|Any CPU
		{F245217F-0280-4031-82B7-03FD1192EEEE}.Release|Any CPU.ActiveCfg = Release|Any CPU
		{F245217F-0280-4031-82B7-03FD1192EEEE}.Release|Any CPU.Build.0 = Release|Any CPU
		{E71FECFD-1409-4F75-8455-9FB82D0BD060}.Debug|Any CPU.ActiveCfg = Debug|Any CPU
		{E71FECFD-1409-4F75-8455-9FB82D0BD060}.Debug|Any CPU.Build.0 = Debug|Any CPU
		{E71FECFD-1409-4F75-8455-9FB82D0BD060}.Release|Any CPU.ActiveCfg = Release|Any CPU
		{E71FECFD-1409-4F75-8455-9FB82D0BD060}.Release|Any CPU.Build.0 = Release|Any CPU
		{58C59C41-5E9D-41EB-A13A-80874F7FDE83}.Debug|Any CPU.ActiveCfg = Debug|Any CPU
		{58C59C41-5E9D-41EB-A13A-80874F7FDE83}.Debug|Any CPU.Build.0 = Debug|Any CPU
		{58C59C41-5E9D-41EB-A13A-80874F7FDE83}.Release|Any CPU.ActiveCfg = Release|Any CPU
		{58C59C41-5E9D-41EB-A13A-80874F7FDE83}.Release|Any CPU.Build.0 = Release|Any CPU
		{36CE7A7D-C76F-461A-95B8-133D4A2E49DA}.Debug|Any CPU.ActiveCfg = Debug|Any CPU
		{36CE7A7D-C76F-461A-95B8-133D4A2E49DA}.Debug|Any CPU.Build.0 = Debug|Any CPU
		{36CE7A7D-C76F-461A-95B8-133D4A2E49DA}.Release|Any CPU.ActiveCfg = Release|Any CPU
		{36CE7A7D-C76F-461A-95B8-133D4A2E49DA}.Release|Any CPU.Build.0 = Release|Any CPU
		{DB884A59-FCC1-46F4-8447-48B5C174C975}.Debug|Any CPU.ActiveCfg = Debug|Any CPU
		{DB884A59-FCC1-46F4-8447-48B5C174C975}.Debug|Any CPU.Build.0 = Debug|Any CPU
		{DB884A59-FCC1-46F4-8447-48B5C174C975}.Release|Any CPU.ActiveCfg = Release|Any CPU
		{DB884A59-FCC1-46F4-8447-48B5C174C975}.Release|Any CPU.Build.0 = Release|Any CPU
		{A72542A6-664C-4E68-A374-7B3434BE6EFD}.Debug|Any CPU.ActiveCfg = Debug|Any CPU
		{A72542A6-664C-4E68-A374-7B3434BE6EFD}.Debug|Any CPU.Build.0 = Debug|Any CPU
		{A72542A6-664C-4E68-A374-7B3434BE6EFD}.Release|Any CPU.ActiveCfg = Release|Any CPU
		{A72542A6-664C-4E68-A374-7B3434BE6EFD}.Release|Any CPU.Build.0 = Release|Any CPU
		{1E3ACFB6-8581-4A19-BE4D-2A6E1EDA9C2E}.Debug|Any CPU.ActiveCfg = Debug|Any CPU
		{1E3ACFB6-8581-4A19-BE4D-2A6E1EDA9C2E}.Debug|Any CPU.Build.0 = Debug|Any CPU
		{1E3ACFB6-8581-4A19-BE4D-2A6E1EDA9C2E}.Release|Any CPU.ActiveCfg = Release|Any CPU
		{1E3ACFB6-8581-4A19-BE4D-2A6E1EDA9C2E}.Release|Any CPU.Build.0 = Release|Any CPU
		{508A5B32-CF10-4222-A7D5-761A2A353DF0}.Debug|Any CPU.ActiveCfg = Debug|Any CPU
		{508A5B32-CF10-4222-A7D5-761A2A353DF0}.Debug|Any CPU.Build.0 = Debug|Any CPU
		{508A5B32-CF10-4222-A7D5-761A2A353DF0}.Release|Any CPU.ActiveCfg = Release|Any CPU
		{508A5B32-CF10-4222-A7D5-761A2A353DF0}.Release|Any CPU.Build.0 = Release|Any CPU
		{F9528646-7A71-4B93-AB26-DFFCDEA4A41D}.Debug|Any CPU.ActiveCfg = Debug|Any CPU
		{F9528646-7A71-4B93-AB26-DFFCDEA4A41D}.Debug|Any CPU.Build.0 = Debug|Any CPU
		{F9528646-7A71-4B93-AB26-DFFCDEA4A41D}.Release|Any CPU.ActiveCfg = Release|Any CPU
		{F9528646-7A71-4B93-AB26-DFFCDEA4A41D}.Release|Any CPU.Build.0 = Release|Any CPU
		{5BFD1C6B-8460-4E49-9BE9-2437DF29947D}.Debug|Any CPU.ActiveCfg = Debug|Any CPU
		{5BFD1C6B-8460-4E49-9BE9-2437DF29947D}.Debug|Any CPU.Build.0 = Debug|Any CPU
		{5BFD1C6B-8460-4E49-9BE9-2437DF29947D}.Release|Any CPU.ActiveCfg = Release|Any CPU
		{5BFD1C6B-8460-4E49-9BE9-2437DF29947D}.Release|Any CPU.Build.0 = Release|Any CPU
		{5FD4611E-12FA-4D89-BFEE-2C7A2237529E}.Debug|Any CPU.ActiveCfg = Debug|Any CPU
		{5FD4611E-12FA-4D89-BFEE-2C7A2237529E}.Debug|Any CPU.Build.0 = Debug|Any CPU
		{5FD4611E-12FA-4D89-BFEE-2C7A2237529E}.Release|Any CPU.ActiveCfg = Release|Any CPU
		{5FD4611E-12FA-4D89-BFEE-2C7A2237529E}.Release|Any CPU.Build.0 = Release|Any CPU
		{425040B6-EE2D-4399-B80B-F887F420CFB7}.Debug|Any CPU.ActiveCfg = Debug|Any CPU
		{425040B6-EE2D-4399-B80B-F887F420CFB7}.Debug|Any CPU.Build.0 = Debug|Any CPU
		{425040B6-EE2D-4399-B80B-F887F420CFB7}.Release|Any CPU.ActiveCfg = Release|Any CPU
		{425040B6-EE2D-4399-B80B-F887F420CFB7}.Release|Any CPU.Build.0 = Release|Any CPU
		{BE1C60CF-8214-421B-81AC-4A86A1C90C83}.Debug|Any CPU.ActiveCfg = Debug|Any CPU
		{BE1C60CF-8214-421B-81AC-4A86A1C90C83}.Debug|Any CPU.Build.0 = Debug|Any CPU
		{BE1C60CF-8214-421B-81AC-4A86A1C90C83}.Release|Any CPU.ActiveCfg = Release|Any CPU
		{BE1C60CF-8214-421B-81AC-4A86A1C90C83}.Release|Any CPU.Build.0 = Release|Any CPU
		{20C4AAA4-2B67-460A-AB42-3C5C567DEA25}.Debug|Any CPU.ActiveCfg = Debug|Any CPU
		{20C4AAA4-2B67-460A-AB42-3C5C567DEA25}.Debug|Any CPU.Build.0 = Debug|Any CPU
		{20C4AAA4-2B67-460A-AB42-3C5C567DEA25}.Release|Any CPU.ActiveCfg = Release|Any CPU
		{20C4AAA4-2B67-460A-AB42-3C5C567DEA25}.Release|Any CPU.Build.0 = Release|Any CPU
		{3423393A-6BFF-4F8A-B374-29A034052ED2}.Debug|Any CPU.ActiveCfg = Debug|Any CPU
		{3423393A-6BFF-4F8A-B374-29A034052ED2}.Debug|Any CPU.Build.0 = Debug|Any CPU
		{3423393A-6BFF-4F8A-B374-29A034052ED2}.Release|Any CPU.ActiveCfg = Release|Any CPU
		{3423393A-6BFF-4F8A-B374-29A034052ED2}.Release|Any CPU.Build.0 = Release|Any CPU
		{91BDF693-24A1-43A6-B94E-EE2EB22472D7}.Debug|Any CPU.ActiveCfg = Debug|Any CPU
		{91BDF693-24A1-43A6-B94E-EE2EB22472D7}.Debug|Any CPU.Build.0 = Debug|Any CPU
		{91BDF693-24A1-43A6-B94E-EE2EB22472D7}.Release|Any CPU.ActiveCfg = Release|Any CPU
		{91BDF693-24A1-43A6-B94E-EE2EB22472D7}.Release|Any CPU.Build.0 = Release|Any CPU
		{748CB00A-DE03-406F-8053-359D7ECF09FE}.Debug|Any CPU.ActiveCfg = Debug|Any CPU
		{748CB00A-DE03-406F-8053-359D7ECF09FE}.Debug|Any CPU.Build.0 = Debug|Any CPU
		{748CB00A-DE03-406F-8053-359D7ECF09FE}.Release|Any CPU.ActiveCfg = Release|Any CPU
		{748CB00A-DE03-406F-8053-359D7ECF09FE}.Release|Any CPU.Build.0 = Release|Any CPU
		{053EE083-0CDF-4735-80C5-7A4AE1AB18E6}.Debug|Any CPU.ActiveCfg = Debug|Any CPU
		{053EE083-0CDF-4735-80C5-7A4AE1AB18E6}.Debug|Any CPU.Build.0 = Debug|Any CPU
		{053EE083-0CDF-4735-80C5-7A4AE1AB18E6}.Release|Any CPU.ActiveCfg = Release|Any CPU
		{053EE083-0CDF-4735-80C5-7A4AE1AB18E6}.Release|Any CPU.Build.0 = Release|Any CPU
		{E696066E-B88F-4D5C-A15A-8804F1BEFD13}.Debug|Any CPU.ActiveCfg = Debug|Any CPU
		{E696066E-B88F-4D5C-A15A-8804F1BEFD13}.Debug|Any CPU.Build.0 = Debug|Any CPU
		{E696066E-B88F-4D5C-A15A-8804F1BEFD13}.Release|Any CPU.ActiveCfg = Release|Any CPU
		{E696066E-B88F-4D5C-A15A-8804F1BEFD13}.Release|Any CPU.Build.0 = Release|Any CPU
	EndGlobalSection
	GlobalSection(SolutionProperties) = preSolution
		HideSolutionNode = FALSE
	EndGlobalSection
	GlobalSection(NestedProjects) = preSolution
		{5D66D00D-0A69-41A0-9F02-959DD74B69A6} = {D8389DB9-B4F8-4B4A-9F77-4C939CF07088}
		{B412BEE8-A27B-4CDE-9659-9738B8B159DF} = {D8389DB9-B4F8-4B4A-9F77-4C939CF07088}
		{9403CE17-8E3F-42D6-8714-18020F7B70F5} = {D8389DB9-B4F8-4B4A-9F77-4C939CF07088}
		{F245217F-0280-4031-82B7-03FD1192EEEE} = {D8389DB9-B4F8-4B4A-9F77-4C939CF07088}
		{E71FECFD-1409-4F75-8455-9FB82D0BD060} = {D8389DB9-B4F8-4B4A-9F77-4C939CF07088}
		{58C59C41-5E9D-41EB-A13A-80874F7FDE83} = {D8389DB9-B4F8-4B4A-9F77-4C939CF07088}
		{36CE7A7D-C76F-461A-95B8-133D4A2E49DA} = {D8389DB9-B4F8-4B4A-9F77-4C939CF07088}
		{DB884A59-FCC1-46F4-8447-48B5C174C975} = {D8389DB9-B4F8-4B4A-9F77-4C939CF07088}
		{A72542A6-664C-4E68-A374-7B3434BE6EFD} = {B15592FD-0075-42AF-B03A-CF9BDD126A81}
		{1E3ACFB6-8581-4A19-BE4D-2A6E1EDA9C2E} = {8E1906B3-56FA-45DC-9EEA-C588676A6DBD}
		{508A5B32-CF10-4222-A7D5-761A2A353DF0} = {8E1906B3-56FA-45DC-9EEA-C588676A6DBD}
		{F9528646-7A71-4B93-AB26-DFFCDEA4A41D} = {D8389DB9-B4F8-4B4A-9F77-4C939CF07088}
		{5BFD1C6B-8460-4E49-9BE9-2437DF29947D} = {B15592FD-0075-42AF-B03A-CF9BDD126A81}
		{5FD4611E-12FA-4D89-BFEE-2C7A2237529E} = {B15592FD-0075-42AF-B03A-CF9BDD126A81}
		{425040B6-EE2D-4399-B80B-F887F420CFB7} = {8E1906B3-56FA-45DC-9EEA-C588676A6DBD}
		{BE1C60CF-8214-421B-81AC-4A86A1C90C83} = {8E1906B3-56FA-45DC-9EEA-C588676A6DBD}
		{20C4AAA4-2B67-460A-AB42-3C5C567DEA25} = {8E1906B3-56FA-45DC-9EEA-C588676A6DBD}
		{3423393A-6BFF-4F8A-B374-29A034052ED2} = {8E1906B3-56FA-45DC-9EEA-C588676A6DBD}
		{91BDF693-24A1-43A6-B94E-EE2EB22472D7} = {515FF3DA-E9E3-4F17-8D7D-BDBF24370838}
		{748CB00A-DE03-406F-8053-359D7ECF09FE} = {515FF3DA-E9E3-4F17-8D7D-BDBF24370838}
		{053EE083-0CDF-4735-80C5-7A4AE1AB18E6} = {515FF3DA-E9E3-4F17-8D7D-BDBF24370838}
		{E696066E-B88F-4D5C-A15A-8804F1BEFD13} = {515FF3DA-E9E3-4F17-8D7D-BDBF24370838}
	EndGlobalSection
	GlobalSection(ExtensibilityGlobals) = postSolution
		SolutionGuid = {EA01B9B7-CAB8-4CA7-A4E1-0942CDB29676}
	EndGlobalSection
EndGlobal
