
Microsoft Visual Studio Solution File, Format Version 12.00
# Visual Studio Version 16
VisualStudioVersion = 16.0.29709.97
MinimumVisualStudioVersion = 10.0.40219.1
Project("{9A19103F-16F7-4668-BE54-9A1E7A4F7556}") = "Arrays", "Basics\Arrays.csproj", "{5D66D00D-0A69-41A0-9F02-959DD74B69A6}"
EndProject
Project("{9A19103F-16F7-4668-BE54-9A1E7A4F7556}") = "NullHandling", "NullHandling\NullHandling.csproj", "{B412BEE8-A27B-4CDE-9659-9738B8B159DF}"
EndProject
Project("{9A19103F-16F7-4668-BE54-9A1E7A4F7556}") = "Formatting", "Formatting\Formatting.csproj", "{9403CE17-8E3F-42D6-8714-18020F7B70F5}"
EndProject
Project("{9A19103F-16F7-4668-BE54-9A1E7A4F7556}") = "Arguments", "Arguments\Arguments.csproj", "{F245217F-0280-4031-82B7-03FD1192EEEE}"
EndProject
Project("{9A19103F-16F7-4668-BE54-9A1E7A4F7556}") = "Operators", "Operators\Operators.csproj", "{E71FECFD-1409-4F75-8455-9FB82D0BD060}"
EndProject
Project("{9A19103F-16F7-4668-BE54-9A1E7A4F7556}") = "SwitchStatements", "SwitchStatements\SwitchStatements.csproj", "{58C59C41-5E9D-41EB-A13A-80874F7FDE83}"
EndProject
Project("{9A19103F-16F7-4668-BE54-9A1E7A4F7556}") = "IterationStatements", "IterationStatements\IterationStatements.csproj", "{36CE7A7D-C76F-461A-95B8-133D4A2E49DA}"
EndProject
Project("{9A19103F-16F7-4668-BE54-9A1E7A4F7556}") = "CastingConverting", "CastingConverting\CastingConverting.csproj", "{DB884A59-FCC1-46F4-8447-48B5C174C975}"
EndProject
Project("{9A19103F-16F7-4668-BE54-9A1E7A4F7556}") = "HandlingExceptions", "HandlingExceptions\HandlingExceptions.csproj", "{A72542A6-664C-4E68-A374-7B3434BE6EFD}"
EndProject
Project("{9A19103F-16F7-4668-BE54-9A1E7A4F7556}") = "FizzBuzz", "FizzBuzz\FizzBuzz.csproj", "{1E3ACFB6-8581-4A19-BE4D-2A6E1EDA9C2E}"
EndProject
Project("{9A19103F-16F7-4668-BE54-9A1E7A4F7556}") = "DivisionQuestion", "DivisionQuestion\DivisionQuestion.csproj", "{508A5B32-CF10-4222-A7D5-761A2A353DF0}"
EndProject
Project("{9A19103F-16F7-4668-BE54-9A1E7A4F7556}") = "WritingFunctions", "WritingFunctions\WritingFunctions.csproj", "{F9528646-7A71-4B93-AB26-DFFCDEA4A41D}"
EndProject
Project("{9A19103F-16F7-4668-BE54-9A1E7A4F7556}") = "Debugging", "Debugging\Debugging.csproj", "{5BFD1C6B-8460-4E49-9BE9-2437DF29947D}"
EndProject
Project("{9A19103F-16F7-4668-BE54-9A1E7A4F7556}") = "Logging", "Logging\Logging.csproj", "{5FD4611E-12FA-4D89-BFEE-2C7A2237529E}"
EndProject
Project("{9A19103F-16F7-4668-BE54-9A1E7A4F7556}") = "CalculatorLibUnitTests", "CalculatorLibUnitTests.csproj\CalculatorLibUnitTests.csproj", "{425040B6-EE2D-4399-B80B-F887F420CFB7}"
EndProject
Project("{9A19103F-16F7-4668-BE54-9A1E7A4F7556}") = "CalculatorLib", "CalculatorLib\CalculatorLib.csproj", "{BE1C60CF-8214-421B-81AC-4A86A1C90C83}"
EndProject
Project("{9A19103F-16F7-4668-BE54-9A1E7A4F7556}") = "PrimeCalculatorLib", "PrimeCalculatorLib\PrimeCalculatorLib.csproj", "{20C4AAA4-2B67-460A-AB42-3C5C567DEA25}"
EndProject
Project("{9A19103F-16F7-4668-BE54-9A1E7A4F7556}") = "PrimeCalculatorLibUnitTests", "PrimeCalculatorLibUnitTests\PrimeCalculatorLibUnitTests.csproj", "{3423393A-6BFF-4F8A-B374-29A034052ED2}"
EndProject
Project("{2150E333-8FDC-42A3-9474-1A3956D46DE8}") = "Basics", "Basics", "{D8389DB9-B4F8-4B4A-9F77-4C939CF07088}"
EndProject
Project("{2150E333-8FDC-42A3-9474-1A3956D46DE8}") = "Exercises", "Exercises", "{8E1906B3-56FA-45DC-9EEA-C588676A6DBD}"
EndProject
Project("{2150E333-8FDC-42A3-9474-1A3956D46DE8}") = "Debugging, Logging, Exception Handling", "Debugging, Logging, Exception Handling", "{B15592FD-0075-42AF-B03A-CF9BDD126A81}"
EndProject
Project("{2150E333-8FDC-42A3-9474-1A3956D46DE8}") = "Types, Interfaces, and Inheritance", "Types, Interfaces, and Inheritance", "{515FF3DA-E9E3-4F17-8D7D-BDBF24370838}"
EndProject
Project("{9A19103F-16F7-4668-BE54-9A1E7A4F7556}") = "Shared", "PersonLib\Shared.csproj", "{91BDF693-24A1-43A6-B94E-EE2EB22472D7}"
EndProject
Project("{9A19103F-16F7-4668-BE54-9A1E7A4F7556}") = "PeopleApp", "PeopleApp\PeopleApp.csproj", "{748CB00A-DE03-406F-8053-359D7ECF09FE}"
EndProject
Project("{9A19103F-16F7-4668-BE54-9A1E7A4F7556}") = "BankAccountsApp", "BankAccountsApp\BankAccountsApp.csproj", "{053EE083-0CDF-4735-80C5-7A4AE1AB18E6}"
EndProject
Project("{9A19103F-16F7-4668-BE54-9A1E7A4F7556}") = "MathsApp", "FactorialApp\MathsApp.csproj", "{E696066E-B88F-4D5C-A15A-8804F1BEFD13}"
EndProject
Project("{2150E333-8FDC-42A3-9474-1A3956D46DE8}") = "Common Dotnet Types", "Common Dotnet Types", "{F7FBDDDD-C29F-48A8-8B51-AB5893347812}"
EndProject
Project("{9A19103F-16F7-4668-BE54-9A1E7A4F7556}") = "Numerics", "Numerics\Numerics.csproj", "{4ABDEA60-07F2-48B3-8BCA-B8389A5D2083}"
EndProject
Project("{9A19103F-16F7-4668-BE54-9A1E7A4F7556}") = "WorkingWithText", "WorkingWithText\WorkingWithText.csproj", "{FBA1FB8D-F3C7-4EA0-AACA-D6AC3195EB88}"
EndProject
Project("{9A19103F-16F7-4668-BE54-9A1E7A4F7556}") = "RegexPatterns", "Regex\RegexPatterns.csproj", "{AD333270-D60E-4A03-80AC-549AA7E2CF41}"
EndProject
Project("{9A19103F-16F7-4668-BE54-9A1E7A4F7556}") = "Lists", "Lists\Lists.csproj", "{96D3CF37-8B7B-49AA-9BED-60E5E0998035}"
EndProject
Project("{9A19103F-16F7-4668-BE54-9A1E7A4F7556}") = "Dictionaries", "Dictionaries\Dictionaries.csproj", "{9EF90E5B-3A8D-444B-93DE-02286D51599F}"
EndProject
Project("{9A19103F-16F7-4668-BE54-9A1E7A4F7556}") = "Ranges", "Ranges\Ranges.csproj", "{8672976E-A6BE-40EB-8B6E-EFA695251046}"
EndProject
Project("{9A19103F-16F7-4668-BE54-9A1E7A4F7556}") = "NetworkResources", "NetworkResources\NetworkResources.csproj", "{C49999E0-E81D-4230-AF62-6B37B975F3A8}"
EndProject
Project("{9A19103F-16F7-4668-BE54-9A1E7A4F7556}") = "Reflection", "Reflection\Reflection.csproj", "{B501A291-3119-452B-9A16-7ED06EAD7135}"
EndProject
Project("{9A19103F-16F7-4668-BE54-9A1E7A4F7556}") = "Internationalization", "Internationalization\Internationalization.csproj", "{146C6CCF-0D58-48CD-B383-0C9DC44A7022}"
EndProject
Project("{2150E333-8FDC-42A3-9474-1A3956D46DE8}") = "Files, Streams, and Serialization", "Files, Streams, and Serialization", "{6A72BC6E-F209-466C-9C5E-C832E4A5FA69}"
EndProject
Project("{9A19103F-16F7-4668-BE54-9A1E7A4F7556}") = "FileSystems", "FileSystems\FileSystems.csproj", "{6E384DA3-8E0A-4E6C-9E7D-8F7BBB892774}"
EndProject
Project("{9A19103F-16F7-4668-BE54-9A1E7A4F7556}") = "Drives", "Drives\Drives.csproj", "{F4369A24-254E-4215-8A5C-DEF977EC240E}"
EndProject
Project("{9A19103F-16F7-4668-BE54-9A1E7A4F7556}") = "Directories", "Directories\Directories.csproj", "{8EF3518A-8F42-428C-8927-57F52F451657}"
EndProject
Project("{9A19103F-16F7-4668-BE54-9A1E7A4F7556}") = "Files", "Files\Files.csproj", "{B1FE93EF-C863-4479-9084-401784DCBD4E}"
EndProject
Project("{9A19103F-16F7-4668-BE54-9A1E7A4F7556}") = "Paths", "Paths\Paths.csproj", "{D536A69C-BAE7-40D1-8A8A-F946A1AA699A}"
EndProject
Project("{9A19103F-16F7-4668-BE54-9A1E7A4F7556}") = "TextStreams", "Streams\TextStreams.csproj", "{337246A2-DE27-414D-9040-5FED51A86A50}"
EndProject
Project("{9A19103F-16F7-4668-BE54-9A1E7A4F7556}") = "XmlStreams", "XmlStremas\XmlStreams.csproj", "{41C20C59-D678-4BFA-86B4-0C4A7B303141}"
EndProject
Project("{9A19103F-16F7-4668-BE54-9A1E7A4F7556}") = "Compression", "Compression\Compression.csproj", "{E504CE7C-A705-426B-8377-462C9592BD5D}"
EndProject
Project("{9A19103F-16F7-4668-BE54-9A1E7A4F7556}") = "EncodingStrings", "Encoding\EncodingStrings.csproj", "{86DE0A36-B44E-464C-B585-4AFF19292DDA}"
EndProject
Project("{9A19103F-16F7-4668-BE54-9A1E7A4F7556}") = "Serialization", "Serialization\Serialization.csproj", "{834BD79B-8ABC-44B1-8AC3-9721FC48D676}"
EndProject
Project("{9A19103F-16F7-4668-BE54-9A1E7A4F7556}") = "SerializeXml", "SerializeXml\SerializeXml.csproj", "{AFF97B7F-8D9F-4F9A-B41B-8C84275BFB61}"
EndProject
Project("{2150E333-8FDC-42A3-9474-1A3956D46DE8}") = "Data Protection", "Data Protection", "{675BD800-7441-44D5-8393-0CA5C351A978}"
EndProject
Project("{FAE04EC0-301F-11D3-BF4B-00C04F79EFBC}") = "CryptographyLib", "CryptographyLib\CryptographyLib.csproj", "{5E43BA48-DAF0-4F3A-BEB9-CA8B425B76D1}"
EndProject
Project("{FAE04EC0-301F-11D3-BF4B-00C04F79EFBC}") = "EncryptionApp", "EncryptionApp\EncryptionApp.csproj", "{211BEF03-176F-41CF-A51C-60E562DAB360}"
EndProject
Project("{FAE04EC0-301F-11D3-BF4B-00C04F79EFBC}") = "HashingApp", "HashingApp\HashingApp.csproj", "{C2AFE734-FC4E-4F29-A035-683BB63EC220}"
EndProject
Project("{FAE04EC0-301F-11D3-BF4B-00C04F79EFBC}") = "SigningApp", "SigningApp\SigningApp.csproj", "{D42BCBAD-2325-4E3C-9E9A-E411A5143670}"
EndProject
Project("{FAE04EC0-301F-11D3-BF4B-00C04F79EFBC}") = "RandomizingApp", "RandomizingApp\RandomizingApp.csproj", "{BFAA9193-812C-4CB6-81D2-758BAAADD723}"
EndProject
Project("{FAE04EC0-301F-11D3-BF4B-00C04F79EFBC}") = "SecureApp", "SecureApp\SecureApp.csproj", "{43A67E01-83D7-4AFE-ABFF-3BC20C134019}"
EndProject
Project("{FAE04EC0-301F-11D3-BF4B-00C04F79EFBC}") = "ProtectingCustomerData", "ProtectingCustomerData\ProtectingCustomerData.csproj", "{785B0FE6-6C11-4B0A-BE9A-2CBB3110A83A}"
EndProject
Global
	GlobalSection(SolutionConfigurationPlatforms) = preSolution
		Debug|Any CPU = Debug|Any CPU
		Release|Any CPU = Release|Any CPU
	EndGlobalSection
	GlobalSection(ProjectConfigurationPlatforms) = postSolution
		{5D66D00D-0A69-41A0-9F02-959DD74B69A6}.Debug|Any CPU.ActiveCfg = Debug|Any CPU
		{5D66D00D-0A69-41A0-9F02-959DD74B69A6}.Debug|Any CPU.Build.0 = Debug|Any CPU
		{5D66D00D-0A69-41A0-9F02-959DD74B69A6}.Release|Any CPU.ActiveCfg = Release|Any CPU
		{5D66D00D-0A69-41A0-9F02-959DD74B69A6}.Release|Any CPU.Build.0 = Release|Any CPU
		{B412BEE8-A27B-4CDE-9659-9738B8B159DF}.Debug|Any CPU.ActiveCfg = Debug|Any CPU
		{B412BEE8-A27B-4CDE-9659-9738B8B159DF}.Debug|Any CPU.Build.0 = Debug|Any CPU
		{B412BEE8-A27B-4CDE-9659-9738B8B159DF}.Release|Any CPU.ActiveCfg = Release|Any CPU
		{B412BEE8-A27B-4CDE-9659-9738B8B159DF}.Release|Any CPU.Build.0 = Release|Any CPU
		{9403CE17-8E3F-42D6-8714-18020F7B70F5}.Debug|Any CPU.ActiveCfg = Debug|Any CPU
		{9403CE17-8E3F-42D6-8714-18020F7B70F5}.Debug|Any CPU.Build.0 = Debug|Any CPU
		{9403CE17-8E3F-42D6-8714-18020F7B70F5}.Release|Any CPU.ActiveCfg = Release|Any CPU
		{9403CE17-8E3F-42D6-8714-18020F7B70F5}.Release|Any CPU.Build.0 = Release|Any CPU
		{F245217F-0280-4031-82B7-03FD1192EEEE}.Debug|Any CPU.ActiveCfg = Debug|Any CPU
		{F245217F-0280-4031-82B7-03FD1192EEEE}.Debug|Any CPU.Build.0 = Debug|Any CPU
		{F245217F-0280-4031-82B7-03FD1192EEEE}.Release|Any CPU.ActiveCfg = Release|Any CPU
		{F245217F-0280-4031-82B7-03FD1192EEEE}.Release|Any CPU.Build.0 = Release|Any CPU
		{E71FECFD-1409-4F75-8455-9FB82D0BD060}.Debug|Any CPU.ActiveCfg = Debug|Any CPU
		{E71FECFD-1409-4F75-8455-9FB82D0BD060}.Debug|Any CPU.Build.0 = Debug|Any CPU
		{E71FECFD-1409-4F75-8455-9FB82D0BD060}.Release|Any CPU.ActiveCfg = Release|Any CPU
		{E71FECFD-1409-4F75-8455-9FB82D0BD060}.Release|Any CPU.Build.0 = Release|Any CPU
		{58C59C41-5E9D-41EB-A13A-80874F7FDE83}.Debug|Any CPU.ActiveCfg = Debug|Any CPU
		{58C59C41-5E9D-41EB-A13A-80874F7FDE83}.Debug|Any CPU.Build.0 = Debug|Any CPU
		{58C59C41-5E9D-41EB-A13A-80874F7FDE83}.Release|Any CPU.ActiveCfg = Release|Any CPU
		{58C59C41-5E9D-41EB-A13A-80874F7FDE83}.Release|Any CPU.Build.0 = Release|Any CPU
		{36CE7A7D-C76F-461A-95B8-133D4A2E49DA}.Debug|Any CPU.ActiveCfg = Debug|Any CPU
		{36CE7A7D-C76F-461A-95B8-133D4A2E49DA}.Debug|Any CPU.Build.0 = Debug|Any CPU
		{36CE7A7D-C76F-461A-95B8-133D4A2E49DA}.Release|Any CPU.ActiveCfg = Release|Any CPU
		{36CE7A7D-C76F-461A-95B8-133D4A2E49DA}.Release|Any CPU.Build.0 = Release|Any CPU
		{DB884A59-FCC1-46F4-8447-48B5C174C975}.Debug|Any CPU.ActiveCfg = Debug|Any CPU
		{DB884A59-FCC1-46F4-8447-48B5C174C975}.Debug|Any CPU.Build.0 = Debug|Any CPU
		{DB884A59-FCC1-46F4-8447-48B5C174C975}.Release|Any CPU.ActiveCfg = Release|Any CPU
		{DB884A59-FCC1-46F4-8447-48B5C174C975}.Release|Any CPU.Build.0 = Release|Any CPU
		{A72542A6-664C-4E68-A374-7B3434BE6EFD}.Debug|Any CPU.ActiveCfg = Debug|Any CPU
		{A72542A6-664C-4E68-A374-7B3434BE6EFD}.Debug|Any CPU.Build.0 = Debug|Any CPU
		{A72542A6-664C-4E68-A374-7B3434BE6EFD}.Release|Any CPU.ActiveCfg = Release|Any CPU
		{A72542A6-664C-4E68-A374-7B3434BE6EFD}.Release|Any CPU.Build.0 = Release|Any CPU
		{1E3ACFB6-8581-4A19-BE4D-2A6E1EDA9C2E}.Debug|Any CPU.ActiveCfg = Debug|Any CPU
		{1E3ACFB6-8581-4A19-BE4D-2A6E1EDA9C2E}.Debug|Any CPU.Build.0 = Debug|Any CPU
		{1E3ACFB6-8581-4A19-BE4D-2A6E1EDA9C2E}.Release|Any CPU.ActiveCfg = Release|Any CPU
		{1E3ACFB6-8581-4A19-BE4D-2A6E1EDA9C2E}.Release|Any CPU.Build.0 = Release|Any CPU
		{508A5B32-CF10-4222-A7D5-761A2A353DF0}.Debug|Any CPU.ActiveCfg = Debug|Any CPU
		{508A5B32-CF10-4222-A7D5-761A2A353DF0}.Debug|Any CPU.Build.0 = Debug|Any CPU
		{508A5B32-CF10-4222-A7D5-761A2A353DF0}.Release|Any CPU.ActiveCfg = Release|Any CPU
		{508A5B32-CF10-4222-A7D5-761A2A353DF0}.Release|Any CPU.Build.0 = Release|Any CPU
		{F9528646-7A71-4B93-AB26-DFFCDEA4A41D}.Debug|Any CPU.ActiveCfg = Debug|Any CPU
		{F9528646-7A71-4B93-AB26-DFFCDEA4A41D}.Debug|Any CPU.Build.0 = Debug|Any CPU
		{F9528646-7A71-4B93-AB26-DFFCDEA4A41D}.Release|Any CPU.ActiveCfg = Release|Any CPU
		{F9528646-7A71-4B93-AB26-DFFCDEA4A41D}.Release|Any CPU.Build.0 = Release|Any CPU
		{5BFD1C6B-8460-4E49-9BE9-2437DF29947D}.Debug|Any CPU.ActiveCfg = Debug|Any CPU
		{5BFD1C6B-8460-4E49-9BE9-2437DF29947D}.Debug|Any CPU.Build.0 = Debug|Any CPU
		{5BFD1C6B-8460-4E49-9BE9-2437DF29947D}.Release|Any CPU.ActiveCfg = Release|Any CPU
		{5BFD1C6B-8460-4E49-9BE9-2437DF29947D}.Release|Any CPU.Build.0 = Release|Any CPU
		{5FD4611E-12FA-4D89-BFEE-2C7A2237529E}.Debug|Any CPU.ActiveCfg = Debug|Any CPU
		{5FD4611E-12FA-4D89-BFEE-2C7A2237529E}.Debug|Any CPU.Build.0 = Debug|Any CPU
		{5FD4611E-12FA-4D89-BFEE-2C7A2237529E}.Release|Any CPU.ActiveCfg = Release|Any CPU
		{5FD4611E-12FA-4D89-BFEE-2C7A2237529E}.Release|Any CPU.Build.0 = Release|Any CPU
		{425040B6-EE2D-4399-B80B-F887F420CFB7}.Debug|Any CPU.ActiveCfg = Debug|Any CPU
		{425040B6-EE2D-4399-B80B-F887F420CFB7}.Debug|Any CPU.Build.0 = Debug|Any CPU
		{425040B6-EE2D-4399-B80B-F887F420CFB7}.Release|Any CPU.ActiveCfg = Release|Any CPU
		{425040B6-EE2D-4399-B80B-F887F420CFB7}.Release|Any CPU.Build.0 = Release|Any CPU
		{BE1C60CF-8214-421B-81AC-4A86A1C90C83}.Debug|Any CPU.ActiveCfg = Debug|Any CPU
		{BE1C60CF-8214-421B-81AC-4A86A1C90C83}.Debug|Any CPU.Build.0 = Debug|Any CPU
		{BE1C60CF-8214-421B-81AC-4A86A1C90C83}.Release|Any CPU.ActiveCfg = Release|Any CPU
		{BE1C60CF-8214-421B-81AC-4A86A1C90C83}.Release|Any CPU.Build.0 = Release|Any CPU
		{20C4AAA4-2B67-460A-AB42-3C5C567DEA25}.Debug|Any CPU.ActiveCfg = Debug|Any CPU
		{20C4AAA4-2B67-460A-AB42-3C5C567DEA25}.Debug|Any CPU.Build.0 = Debug|Any CPU
		{20C4AAA4-2B67-460A-AB42-3C5C567DEA25}.Release|Any CPU.ActiveCfg = Release|Any CPU
		{20C4AAA4-2B67-460A-AB42-3C5C567DEA25}.Release|Any CPU.Build.0 = Release|Any CPU
		{3423393A-6BFF-4F8A-B374-29A034052ED2}.Debug|Any CPU.ActiveCfg = Debug|Any CPU
		{3423393A-6BFF-4F8A-B374-29A034052ED2}.Debug|Any CPU.Build.0 = Debug|Any CPU
		{3423393A-6BFF-4F8A-B374-29A034052ED2}.Release|Any CPU.ActiveCfg = Release|Any CPU
		{3423393A-6BFF-4F8A-B374-29A034052ED2}.Release|Any CPU.Build.0 = Release|Any CPU
		{91BDF693-24A1-43A6-B94E-EE2EB22472D7}.Debug|Any CPU.ActiveCfg = Debug|Any CPU
		{91BDF693-24A1-43A6-B94E-EE2EB22472D7}.Debug|Any CPU.Build.0 = Debug|Any CPU
		{91BDF693-24A1-43A6-B94E-EE2EB22472D7}.Release|Any CPU.ActiveCfg = Release|Any CPU
		{91BDF693-24A1-43A6-B94E-EE2EB22472D7}.Release|Any CPU.Build.0 = Release|Any CPU
		{748CB00A-DE03-406F-8053-359D7ECF09FE}.Debug|Any CPU.ActiveCfg = Debug|Any CPU
		{748CB00A-DE03-406F-8053-359D7ECF09FE}.Debug|Any CPU.Build.0 = Debug|Any CPU
		{748CB00A-DE03-406F-8053-359D7ECF09FE}.Release|Any CPU.ActiveCfg = Release|Any CPU
		{748CB00A-DE03-406F-8053-359D7ECF09FE}.Release|Any CPU.Build.0 = Release|Any CPU
		{053EE083-0CDF-4735-80C5-7A4AE1AB18E6}.Debug|Any CPU.ActiveCfg = Debug|Any CPU
		{053EE083-0CDF-4735-80C5-7A4AE1AB18E6}.Debug|Any CPU.Build.0 = Debug|Any CPU
		{053EE083-0CDF-4735-80C5-7A4AE1AB18E6}.Release|Any CPU.ActiveCfg = Release|Any CPU
		{053EE083-0CDF-4735-80C5-7A4AE1AB18E6}.Release|Any CPU.Build.0 = Release|Any CPU
		{E696066E-B88F-4D5C-A15A-8804F1BEFD13}.Debug|Any CPU.ActiveCfg = Debug|Any CPU
		{E696066E-B88F-4D5C-A15A-8804F1BEFD13}.Debug|Any CPU.Build.0 = Debug|Any CPU
		{E696066E-B88F-4D5C-A15A-8804F1BEFD13}.Release|Any CPU.ActiveCfg = Release|Any CPU
		{E696066E-B88F-4D5C-A15A-8804F1BEFD13}.Release|Any CPU.Build.0 = Release|Any CPU
		{4ABDEA60-07F2-48B3-8BCA-B8389A5D2083}.Debug|Any CPU.ActiveCfg = Debug|Any CPU
		{4ABDEA60-07F2-48B3-8BCA-B8389A5D2083}.Debug|Any CPU.Build.0 = Debug|Any CPU
		{4ABDEA60-07F2-48B3-8BCA-B8389A5D2083}.Release|Any CPU.ActiveCfg = Release|Any CPU
		{4ABDEA60-07F2-48B3-8BCA-B8389A5D2083}.Release|Any CPU.Build.0 = Release|Any CPU
		{FBA1FB8D-F3C7-4EA0-AACA-D6AC3195EB88}.Debug|Any CPU.ActiveCfg = Debug|Any CPU
		{FBA1FB8D-F3C7-4EA0-AACA-D6AC3195EB88}.Debug|Any CPU.Build.0 = Debug|Any CPU
		{FBA1FB8D-F3C7-4EA0-AACA-D6AC3195EB88}.Release|Any CPU.ActiveCfg = Release|Any CPU
		{FBA1FB8D-F3C7-4EA0-AACA-D6AC3195EB88}.Release|Any CPU.Build.0 = Release|Any CPU
		{AD333270-D60E-4A03-80AC-549AA7E2CF41}.Debug|Any CPU.ActiveCfg = Debug|Any CPU
		{AD333270-D60E-4A03-80AC-549AA7E2CF41}.Debug|Any CPU.Build.0 = Debug|Any CPU
		{AD333270-D60E-4A03-80AC-549AA7E2CF41}.Release|Any CPU.ActiveCfg = Release|Any CPU
		{AD333270-D60E-4A03-80AC-549AA7E2CF41}.Release|Any CPU.Build.0 = Release|Any CPU
		{96D3CF37-8B7B-49AA-9BED-60E5E0998035}.Debug|Any CPU.ActiveCfg = Debug|Any CPU
		{96D3CF37-8B7B-49AA-9BED-60E5E0998035}.Debug|Any CPU.Build.0 = Debug|Any CPU
		{96D3CF37-8B7B-49AA-9BED-60E5E0998035}.Release|Any CPU.ActiveCfg = Release|Any CPU
		{96D3CF37-8B7B-49AA-9BED-60E5E0998035}.Release|Any CPU.Build.0 = Release|Any CPU
		{9EF90E5B-3A8D-444B-93DE-02286D51599F}.Debug|Any CPU.ActiveCfg = Debug|Any CPU
		{9EF90E5B-3A8D-444B-93DE-02286D51599F}.Debug|Any CPU.Build.0 = Debug|Any CPU
		{9EF90E5B-3A8D-444B-93DE-02286D51599F}.Release|Any CPU.ActiveCfg = Release|Any CPU
		{9EF90E5B-3A8D-444B-93DE-02286D51599F}.Release|Any CPU.Build.0 = Release|Any CPU
		{8672976E-A6BE-40EB-8B6E-EFA695251046}.Debug|Any CPU.ActiveCfg = Debug|Any CPU
		{8672976E-A6BE-40EB-8B6E-EFA695251046}.Debug|Any CPU.Build.0 = Debug|Any CPU
		{8672976E-A6BE-40EB-8B6E-EFA695251046}.Release|Any CPU.ActiveCfg = Release|Any CPU
		{8672976E-A6BE-40EB-8B6E-EFA695251046}.Release|Any CPU.Build.0 = Release|Any CPU
		{C49999E0-E81D-4230-AF62-6B37B975F3A8}.Debug|Any CPU.ActiveCfg = Debug|Any CPU
		{C49999E0-E81D-4230-AF62-6B37B975F3A8}.Debug|Any CPU.Build.0 = Debug|Any CPU
		{C49999E0-E81D-4230-AF62-6B37B975F3A8}.Release|Any CPU.ActiveCfg = Release|Any CPU
		{C49999E0-E81D-4230-AF62-6B37B975F3A8}.Release|Any CPU.Build.0 = Release|Any CPU
		{B501A291-3119-452B-9A16-7ED06EAD7135}.Debug|Any CPU.ActiveCfg = Debug|Any CPU
		{B501A291-3119-452B-9A16-7ED06EAD7135}.Debug|Any CPU.Build.0 = Debug|Any CPU
		{B501A291-3119-452B-9A16-7ED06EAD7135}.Release|Any CPU.ActiveCfg = Release|Any CPU
		{B501A291-3119-452B-9A16-7ED06EAD7135}.Release|Any CPU.Build.0 = Release|Any CPU
		{146C6CCF-0D58-48CD-B383-0C9DC44A7022}.Debug|Any CPU.ActiveCfg = Debug|Any CPU
		{146C6CCF-0D58-48CD-B383-0C9DC44A7022}.Debug|Any CPU.Build.0 = Debug|Any CPU
		{146C6CCF-0D58-48CD-B383-0C9DC44A7022}.Release|Any CPU.ActiveCfg = Release|Any CPU
		{146C6CCF-0D58-48CD-B383-0C9DC44A7022}.Release|Any CPU.Build.0 = Release|Any CPU
		{6E384DA3-8E0A-4E6C-9E7D-8F7BBB892774}.Debug|Any CPU.ActiveCfg = Debug|Any CPU
		{6E384DA3-8E0A-4E6C-9E7D-8F7BBB892774}.Debug|Any CPU.Build.0 = Debug|Any CPU
		{6E384DA3-8E0A-4E6C-9E7D-8F7BBB892774}.Release|Any CPU.ActiveCfg = Release|Any CPU
		{6E384DA3-8E0A-4E6C-9E7D-8F7BBB892774}.Release|Any CPU.Build.0 = Release|Any CPU
		{F4369A24-254E-4215-8A5C-DEF977EC240E}.Debug|Any CPU.ActiveCfg = Debug|Any CPU
		{F4369A24-254E-4215-8A5C-DEF977EC240E}.Debug|Any CPU.Build.0 = Debug|Any CPU
		{F4369A24-254E-4215-8A5C-DEF977EC240E}.Release|Any CPU.ActiveCfg = Release|Any CPU
		{F4369A24-254E-4215-8A5C-DEF977EC240E}.Release|Any CPU.Build.0 = Release|Any CPU
		{8EF3518A-8F42-428C-8927-57F52F451657}.Debug|Any CPU.ActiveCfg = Debug|Any CPU
		{8EF3518A-8F42-428C-8927-57F52F451657}.Debug|Any CPU.Build.0 = Debug|Any CPU
		{8EF3518A-8F42-428C-8927-57F52F451657}.Release|Any CPU.ActiveCfg = Release|Any CPU
		{8EF3518A-8F42-428C-8927-57F52F451657}.Release|Any CPU.Build.0 = Release|Any CPU
		{B1FE93EF-C863-4479-9084-401784DCBD4E}.Debug|Any CPU.ActiveCfg = Debug|Any CPU
		{B1FE93EF-C863-4479-9084-401784DCBD4E}.Debug|Any CPU.Build.0 = Debug|Any CPU
		{B1FE93EF-C863-4479-9084-401784DCBD4E}.Release|Any CPU.ActiveCfg = Release|Any CPU
		{B1FE93EF-C863-4479-9084-401784DCBD4E}.Release|Any CPU.Build.0 = Release|Any CPU
		{D536A69C-BAE7-40D1-8A8A-F946A1AA699A}.Debug|Any CPU.ActiveCfg = Debug|Any CPU
		{D536A69C-BAE7-40D1-8A8A-F946A1AA699A}.Debug|Any CPU.Build.0 = Debug|Any CPU
		{D536A69C-BAE7-40D1-8A8A-F946A1AA699A}.Release|Any CPU.ActiveCfg = Release|Any CPU
		{D536A69C-BAE7-40D1-8A8A-F946A1AA699A}.Release|Any CPU.Build.0 = Release|Any CPU
		{337246A2-DE27-414D-9040-5FED51A86A50}.Debug|Any CPU.ActiveCfg = Debug|Any CPU
		{337246A2-DE27-414D-9040-5FED51A86A50}.Debug|Any CPU.Build.0 = Debug|Any CPU
		{337246A2-DE27-414D-9040-5FED51A86A50}.Release|Any CPU.ActiveCfg = Release|Any CPU
		{337246A2-DE27-414D-9040-5FED51A86A50}.Release|Any CPU.Build.0 = Release|Any CPU
		{41C20C59-D678-4BFA-86B4-0C4A7B303141}.Debug|Any CPU.ActiveCfg = Debug|Any CPU
		{41C20C59-D678-4BFA-86B4-0C4A7B303141}.Debug|Any CPU.Build.0 = Debug|Any CPU
		{41C20C59-D678-4BFA-86B4-0C4A7B303141}.Release|Any CPU.ActiveCfg = Release|Any CPU
		{41C20C59-D678-4BFA-86B4-0C4A7B303141}.Release|Any CPU.Build.0 = Release|Any CPU
		{E504CE7C-A705-426B-8377-462C9592BD5D}.Debug|Any CPU.ActiveCfg = Debug|Any CPU
		{E504CE7C-A705-426B-8377-462C9592BD5D}.Debug|Any CPU.Build.0 = Debug|Any CPU
		{E504CE7C-A705-426B-8377-462C9592BD5D}.Release|Any CPU.ActiveCfg = Release|Any CPU
		{E504CE7C-A705-426B-8377-462C9592BD5D}.Release|Any CPU.Build.0 = Release|Any CPU
		{86DE0A36-B44E-464C-B585-4AFF19292DDA}.Debug|Any CPU.ActiveCfg = Debug|Any CPU
		{86DE0A36-B44E-464C-B585-4AFF19292DDA}.Debug|Any CPU.Build.0 = Debug|Any CPU
		{86DE0A36-B44E-464C-B585-4AFF19292DDA}.Release|Any CPU.ActiveCfg = Release|Any CPU
		{86DE0A36-B44E-464C-B585-4AFF19292DDA}.Release|Any CPU.Build.0 = Release|Any CPU
		{834BD79B-8ABC-44B1-8AC3-9721FC48D676}.Debug|Any CPU.ActiveCfg = Debug|Any CPU
		{834BD79B-8ABC-44B1-8AC3-9721FC48D676}.Debug|Any CPU.Build.0 = Debug|Any CPU
		{834BD79B-8ABC-44B1-8AC3-9721FC48D676}.Release|Any CPU.ActiveCfg = Release|Any CPU
		{834BD79B-8ABC-44B1-8AC3-9721FC48D676}.Release|Any CPU.Build.0 = Release|Any CPU
		{AFF97B7F-8D9F-4F9A-B41B-8C84275BFB61}.Debug|Any CPU.ActiveCfg = Debug|Any CPU
		{AFF97B7F-8D9F-4F9A-B41B-8C84275BFB61}.Debug|Any CPU.Build.0 = Debug|Any CPU
		{AFF97B7F-8D9F-4F9A-B41B-8C84275BFB61}.Release|Any CPU.ActiveCfg = Release|Any CPU
		{AFF97B7F-8D9F-4F9A-B41B-8C84275BFB61}.Release|Any CPU.Build.0 = Release|Any CPU
		{5E43BA48-DAF0-4F3A-BEB9-CA8B425B76D1}.Debug|Any CPU.ActiveCfg = Debug|Any CPU
		{5E43BA48-DAF0-4F3A-BEB9-CA8B425B76D1}.Debug|Any CPU.Build.0 = Debug|Any CPU
		{5E43BA48-DAF0-4F3A-BEB9-CA8B425B76D1}.Release|Any CPU.ActiveCfg = Release|Any CPU
		{5E43BA48-DAF0-4F3A-BEB9-CA8B425B76D1}.Release|Any CPU.Build.0 = Release|Any CPU
		{211BEF03-176F-41CF-A51C-60E562DAB360}.Debug|Any CPU.ActiveCfg = Debug|Any CPU
		{211BEF03-176F-41CF-A51C-60E562DAB360}.Debug|Any CPU.Build.0 = Debug|Any CPU
		{211BEF03-176F-41CF-A51C-60E562DAB360}.Release|Any CPU.ActiveCfg = Release|Any CPU
		{211BEF03-176F-41CF-A51C-60E562DAB360}.Release|Any CPU.Build.0 = Release|Any CPU
		{C2AFE734-FC4E-4F29-A035-683BB63EC220}.Debug|Any CPU.ActiveCfg = Debug|Any CPU
		{C2AFE734-FC4E-4F29-A035-683BB63EC220}.Debug|Any CPU.Build.0 = Debug|Any CPU
		{C2AFE734-FC4E-4F29-A035-683BB63EC220}.Release|Any CPU.ActiveCfg = Release|Any CPU
		{C2AFE734-FC4E-4F29-A035-683BB63EC220}.Release|Any CPU.Build.0 = Release|Any CPU
		{D42BCBAD-2325-4E3C-9E9A-E411A5143670}.Debug|Any CPU.ActiveCfg = Debug|Any CPU
		{D42BCBAD-2325-4E3C-9E9A-E411A5143670}.Debug|Any CPU.Build.0 = Debug|Any CPU
		{D42BCBAD-2325-4E3C-9E9A-E411A5143670}.Release|Any CPU.ActiveCfg = Release|Any CPU
		{D42BCBAD-2325-4E3C-9E9A-E411A5143670}.Release|Any CPU.Build.0 = Release|Any CPU
		{BFAA9193-812C-4CB6-81D2-758BAAADD723}.Debug|Any CPU.ActiveCfg = Debug|Any CPU
		{BFAA9193-812C-4CB6-81D2-758BAAADD723}.Debug|Any CPU.Build.0 = Debug|Any CPU
		{BFAA9193-812C-4CB6-81D2-758BAAADD723}.Release|Any CPU.ActiveCfg = Release|Any CPU
		{BFAA9193-812C-4CB6-81D2-758BAAADD723}.Release|Any CPU.Build.0 = Release|Any CPU
		{43A67E01-83D7-4AFE-ABFF-3BC20C134019}.Debug|Any CPU.ActiveCfg = Debug|Any CPU
		{43A67E01-83D7-4AFE-ABFF-3BC20C134019}.Debug|Any CPU.Build.0 = Debug|Any CPU
		{43A67E01-83D7-4AFE-ABFF-3BC20C134019}.Release|Any CPU.ActiveCfg = Release|Any CPU
		{43A67E01-83D7-4AFE-ABFF-3BC20C134019}.Release|Any CPU.Build.0 = Release|Any CPU
		{785B0FE6-6C11-4B0A-BE9A-2CBB3110A83A}.Debug|Any CPU.ActiveCfg = Debug|Any CPU
		{785B0FE6-6C11-4B0A-BE9A-2CBB3110A83A}.Debug|Any CPU.Build.0 = Debug|Any CPU
		{785B0FE6-6C11-4B0A-BE9A-2CBB3110A83A}.Release|Any CPU.ActiveCfg = Release|Any CPU
		{785B0FE6-6C11-4B0A-BE9A-2CBB3110A83A}.Release|Any CPU.Build.0 = Release|Any CPU
	EndGlobalSection
	GlobalSection(SolutionProperties) = preSolution
		HideSolutionNode = FALSE
	EndGlobalSection
	GlobalSection(NestedProjects) = preSolution
		{5D66D00D-0A69-41A0-9F02-959DD74B69A6} = {D8389DB9-B4F8-4B4A-9F77-4C939CF07088}
		{B412BEE8-A27B-4CDE-9659-9738B8B159DF} = {D8389DB9-B4F8-4B4A-9F77-4C939CF07088}
		{9403CE17-8E3F-42D6-8714-18020F7B70F5} = {D8389DB9-B4F8-4B4A-9F77-4C939CF07088}
		{F245217F-0280-4031-82B7-03FD1192EEEE} = {D8389DB9-B4F8-4B4A-9F77-4C939CF07088}
		{E71FECFD-1409-4F75-8455-9FB82D0BD060} = {D8389DB9-B4F8-4B4A-9F77-4C939CF07088}
		{58C59C41-5E9D-41EB-A13A-80874F7FDE83} = {D8389DB9-B4F8-4B4A-9F77-4C939CF07088}
		{36CE7A7D-C76F-461A-95B8-133D4A2E49DA} = {D8389DB9-B4F8-4B4A-9F77-4C939CF07088}
		{DB884A59-FCC1-46F4-8447-48B5C174C975} = {D8389DB9-B4F8-4B4A-9F77-4C939CF07088}
		{A72542A6-664C-4E68-A374-7B3434BE6EFD} = {B15592FD-0075-42AF-B03A-CF9BDD126A81}
		{1E3ACFB6-8581-4A19-BE4D-2A6E1EDA9C2E} = {8E1906B3-56FA-45DC-9EEA-C588676A6DBD}
		{508A5B32-CF10-4222-A7D5-761A2A353DF0} = {8E1906B3-56FA-45DC-9EEA-C588676A6DBD}
		{F9528646-7A71-4B93-AB26-DFFCDEA4A41D} = {D8389DB9-B4F8-4B4A-9F77-4C939CF07088}
		{5BFD1C6B-8460-4E49-9BE9-2437DF29947D} = {B15592FD-0075-42AF-B03A-CF9BDD126A81}
		{5FD4611E-12FA-4D89-BFEE-2C7A2237529E} = {B15592FD-0075-42AF-B03A-CF9BDD126A81}
		{425040B6-EE2D-4399-B80B-F887F420CFB7} = {8E1906B3-56FA-45DC-9EEA-C588676A6DBD}
		{BE1C60CF-8214-421B-81AC-4A86A1C90C83} = {8E1906B3-56FA-45DC-9EEA-C588676A6DBD}
		{20C4AAA4-2B67-460A-AB42-3C5C567DEA25} = {8E1906B3-56FA-45DC-9EEA-C588676A6DBD}
		{3423393A-6BFF-4F8A-B374-29A034052ED2} = {8E1906B3-56FA-45DC-9EEA-C588676A6DBD}
		{91BDF693-24A1-43A6-B94E-EE2EB22472D7} = {515FF3DA-E9E3-4F17-8D7D-BDBF24370838}
		{748CB00A-DE03-406F-8053-359D7ECF09FE} = {515FF3DA-E9E3-4F17-8D7D-BDBF24370838}
		{053EE083-0CDF-4735-80C5-7A4AE1AB18E6} = {515FF3DA-E9E3-4F17-8D7D-BDBF24370838}
		{E696066E-B88F-4D5C-A15A-8804F1BEFD13} = {515FF3DA-E9E3-4F17-8D7D-BDBF24370838}
		{4ABDEA60-07F2-48B3-8BCA-B8389A5D2083} = {F7FBDDDD-C29F-48A8-8B51-AB5893347812}
		{FBA1FB8D-F3C7-4EA0-AACA-D6AC3195EB88} = {F7FBDDDD-C29F-48A8-8B51-AB5893347812}
		{AD333270-D60E-4A03-80AC-549AA7E2CF41} = {F7FBDDDD-C29F-48A8-8B51-AB5893347812}
		{96D3CF37-8B7B-49AA-9BED-60E5E0998035} = {F7FBDDDD-C29F-48A8-8B51-AB5893347812}
		{9EF90E5B-3A8D-444B-93DE-02286D51599F} = {F7FBDDDD-C29F-48A8-8B51-AB5893347812}
		{8672976E-A6BE-40EB-8B6E-EFA695251046} = {F7FBDDDD-C29F-48A8-8B51-AB5893347812}
		{C49999E0-E81D-4230-AF62-6B37B975F3A8} = {F7FBDDDD-C29F-48A8-8B51-AB5893347812}
		{B501A291-3119-452B-9A16-7ED06EAD7135} = {F7FBDDDD-C29F-48A8-8B51-AB5893347812}
		{146C6CCF-0D58-48CD-B383-0C9DC44A7022} = {F7FBDDDD-C29F-48A8-8B51-AB5893347812}
		{6E384DA3-8E0A-4E6C-9E7D-8F7BBB892774} = {6A72BC6E-F209-466C-9C5E-C832E4A5FA69}
		{F4369A24-254E-4215-8A5C-DEF977EC240E} = {6A72BC6E-F209-466C-9C5E-C832E4A5FA69}
		{8EF3518A-8F42-428C-8927-57F52F451657} = {6A72BC6E-F209-466C-9C5E-C832E4A5FA69}
		{B1FE93EF-C863-4479-9084-401784DCBD4E} = {6A72BC6E-F209-466C-9C5E-C832E4A5FA69}
		{D536A69C-BAE7-40D1-8A8A-F946A1AA699A} = {6A72BC6E-F209-466C-9C5E-C832E4A5FA69}
		{337246A2-DE27-414D-9040-5FED51A86A50} = {6A72BC6E-F209-466C-9C5E-C832E4A5FA69}
		{41C20C59-D678-4BFA-86B4-0C4A7B303141} = {6A72BC6E-F209-466C-9C5E-C832E4A5FA69}
		{E504CE7C-A705-426B-8377-462C9592BD5D} = {6A72BC6E-F209-466C-9C5E-C832E4A5FA69}
		{86DE0A36-B44E-464C-B585-4AFF19292DDA} = {6A72BC6E-F209-466C-9C5E-C832E4A5FA69}
		{834BD79B-8ABC-44B1-8AC3-9721FC48D676} = {6A72BC6E-F209-466C-9C5E-C832E4A5FA69}
		{AFF97B7F-8D9F-4F9A-B41B-8C84275BFB61} = {8E1906B3-56FA-45DC-9EEA-C588676A6DBD}
		{5E43BA48-DAF0-4F3A-BEB9-CA8B425B76D1} = {675BD800-7441-44D5-8393-0CA5C351A978}
		{211BEF03-176F-41CF-A51C-60E562DAB360} = {675BD800-7441-44D5-8393-0CA5C351A978}
		{C2AFE734-FC4E-4F29-A035-683BB63EC220} = {675BD800-7441-44D5-8393-0CA5C351A978}
		{D42BCBAD-2325-4E3C-9E9A-E411A5143670} = {675BD800-7441-44D5-8393-0CA5C351A978}
		{BFAA9193-812C-4CB6-81D2-758BAAADD723} = {675BD800-7441-44D5-8393-0CA5C351A978}
		{43A67E01-83D7-4AFE-ABFF-3BC20C134019} = {675BD800-7441-44D5-8393-0CA5C351A978}
		{785B0FE6-6C11-4B0A-BE9A-2CBB3110A83A} = {8E1906B3-56FA-45DC-9EEA-C588676A6DBD}
	EndGlobalSection
	GlobalSection(ExtensibilityGlobals) = postSolution
		SolutionGuid = {EA01B9B7-CAB8-4CA7-A4E1-0942CDB29676}
	EndGlobalSection
EndGlobal
